
Microsoft Visual Studio Solution File, Format Version 12.00
# Visual Studio Version 17
VisualStudioVersion = 17.2.32505.173
MinimumVisualStudioVersion = 10.0.40219.1
Project("{9A19103F-16F7-4668-BE54-9A1E7A4F7556}") = "PublisherConsole", "PublisherConsole\PublisherConsole.csproj", "{D247389F-69AF-4CC1-BEA5-04253AB7E640}"
EndProject
Project("{9A19103F-16F7-4668-BE54-9A1E7A4F7556}") = "PublisherDomain", "PublisherDomain\PublisherDomain.csproj", "{E87A0E7A-8A32-45AC-827A-92F0608DCC52}"
EndProject
Project("{9A19103F-16F7-4668-BE54-9A1E7A4F7556}") = "PublisherData", "PublisherData\PublisherData.csproj", "{C20BEE61-C86A-42E0-8467-05B224979DFF}"
EndProject
Project("{FAE04EC0-301F-11D3-BF4B-00C04F79EFBC}") = "ReverseEngineerConsole", "ReverseEngineerConsole\ReverseEngineerConsole.csproj", "{EBC21F32-8142-4F13-9604-3CD36C8F0C51}"
EndProject
Global
	GlobalSection(SolutionConfigurationPlatforms) = preSolution
		Debug|Any CPU = Debug|Any CPU
		Release|Any CPU = Release|Any CPU
	EndGlobalSection
	GlobalSection(ProjectConfigurationPlatforms) = postSolution
		{D247389F-69AF-4CC1-BEA5-04253AB7E640}.Debug|Any CPU.ActiveCfg = Debug|Any CPU
		{D247389F-69AF-4CC1-BEA5-04253AB7E640}.Debug|Any CPU.Build.0 = Debug|Any CPU
		{D247389F-69AF-4CC1-BEA5-04253AB7E640}.Release|Any CPU.ActiveCfg = Release|Any CPU
		{D247389F-69AF-4CC1-BEA5-04253AB7E640}.Release|Any CPU.Build.0 = Release|Any CPU
		{E87A0E7A-8A32-45AC-827A-92F0608DCC52}.Debug|Any CPU.ActiveCfg = Debug|Any CPU
		{E87A0E7A-8A32-45AC-827A-92F0608DCC52}.Debug|Any CPU.Build.0 = Debug|Any CPU
		{E87A0E7A-8A32-45AC-827A-92F0608DCC52}.Release|Any CPU.ActiveCfg = Release|Any CPU
		{E87A0E7A-8A32-45AC-827A-92F0608DCC52}.Release|Any CPU.Build.0 = Release|Any CPU
		{C20BEE61-C86A-42E0-8467-05B224979DFF}.Debug|Any CPU.ActiveCfg = Debug|Any CPU
		{C20BEE61-C86A-42E0-8467-05B224979DFF}.Debug|Any CPU.Build.0 = Debug|Any CPU
		{C20BEE61-C86A-42E0-8467-05B224979DFF}.Release|Any CPU.ActiveCfg = Release|Any CPU
		{C20BEE61-C86A-42E0-8467-05B224979DFF}.Release|Any CPU.Build.0 = Release|Any CPU
		{EBC21F32-8142-4F13-9604-3CD36C8F0C51}.Debug|Any CPU.ActiveCfg = Debug|Any CPU
		{EBC21F32-8142-4F13-9604-3CD36C8F0C51}.Debug|Any CPU.Build.0 = Debug|Any CPU
		{EBC21F32-8142-4F13-9604-3CD36C8F0C51}.Release|Any CPU.ActiveCfg = Release|Any CPU
		{EBC21F32-8142-4F13-9604-3CD36C8F0C51}.Release|Any CPU.Build.0 = Release|Any CPU
	EndGlobalSection
	GlobalSection(SolutionProperties) = preSolution
		HideSolutionNode = FALSE
	EndGlobalSection
	GlobalSection(ExtensibilityGlobals) = postSolution
		SolutionGuid = {FF75AE91-3220-4120-923E-E4793742A819}
	EndGlobalSection
EndGlobal
